
Microsoft Visual Studio Solution File, Format Version 12.00
# Visual Studio Version 17
VisualStudioVersion = 17.5.002.0
MinimumVisualStudioVersion = 10.0.40219.1
Project("{9A19103F-16F7-4668-BE54-9A1E7A4F7556}") = "CSharpBuilder", "CSharpBuilder\CSharpBuilder.csproj", "{693CA5A7-35D8-46F6-9F98-598D46DDD9E5}"
EndProject
Global
	GlobalSection(SolutionConfigurationPlatforms) = preSolution
		Debug|Any CPU = Debug|Any CPU
		Release|Any CPU = Release|Any CPU
	EndGlobalSection
	GlobalSection(ProjectConfigurationPlatforms) = postSolution
		{693CA5A7-35D8-46F6-9F98-598D46DDD9E5}.Debug|Any CPU.ActiveCfg = Debug|Any CPU
		{693CA5A7-35D8-46F6-9F98-598D46DDD9E5}.Debug|Any CPU.Build.0 = Debug|Any CPU
		{693CA5A7-35D8-46F6-9F98-598D46DDD9E5}.Release|Any CPU.ActiveCfg = Release|Any CPU
		{693CA5A7-35D8-46F6-9F98-598D46DDD9E5}.Release|Any CPU.Build.0 = Release|Any CPU
	EndGlobalSection
	GlobalSection(SolutionProperties) = preSolution
		HideSolutionNode = FALSE
	EndGlobalSection
	GlobalSection(ExtensibilityGlobals) = postSolution
		SolutionGuid = {558A7D13-F60D-4B9D-B603-3B066E2B0A1B}
	EndGlobalSection
EndGlobal
